
Microsoft Visual Studio Solution File, Format Version 12.00
# Visual Studio Version 17
VisualStudioVersion = 17.3.32901.215
MinimumVisualStudioVersion = 10.0.40219.1
Project("{FAE04EC0-301F-11D3-BF4B-00C04F79EFBC}") = "ConsoleApp1", "ConsoleApp1.csproj", "{02C32657-41D6-40E3-8EA1-7CFF8B836095}"
EndProject
Global
	GlobalSection(SolutionConfigurationPlatforms) = preSolution
		Debug|Any CPU = Debug|Any CPU
		Release|Any CPU = Release|Any CPU
	EndGlobalSection
	GlobalSection(ProjectConfigurationPlatforms) = postSolution
		{02C32657-41D6-40E3-8EA1-7CFF8B836095}.Debug|Any CPU.ActiveCfg = Debug|Any CPU
		{02C32657-41D6-40E3-8EA1-7CFF8B836095}.Debug|Any CPU.Build.0 = Debug|Any CPU
		{02C32657-41D6-40E3-8EA1-7CFF8B836095}.Release|Any CPU.ActiveCfg = Release|Any CPU
		{02C32657-41D6-40E3-8EA1-7CFF8B836095}.Release|Any CPU.Build.0 = Release|Any CPU
	EndGlobalSection
	GlobalSection(SolutionProperties) = preSolution
		HideSolutionNode = FALSE
	EndGlobalSection
	GlobalSection(ExtensibilityGlobals) = postSolution
		SolutionGuid = {50C9F7CC-4013-47D2-8073-E7DC7AFC4C32}
	EndGlobalSection
EndGlobal
